
Microsoft Visual Studio Solution File, Format Version 12.00
# Visual Studio Version 16
VisualStudioVersion = 16.0.32413.511
MinimumVisualStudioVersion = 10.0.40219.1
Project("{FAE04EC0-301F-11D3-BF4B-00C04F79EFBC}") = "Task Class", "Task Class\Task Class.csproj", "{DA402325-CBD0-4E97-A5C6-F1467027DE7C}"
EndProject
Global
	GlobalSection(SolutionConfigurationPlatforms) = preSolution
		Debug|Any CPU = Debug|Any CPU
		Release|Any CPU = Release|Any CPU
	EndGlobalSection
	GlobalSection(ProjectConfigurationPlatforms) = postSolution
		{DA402325-CBD0-4E97-A5C6-F1467027DE7C}.Debug|Any CPU.ActiveCfg = Debug|Any CPU
		{DA402325-CBD0-4E97-A5C6-F1467027DE7C}.Debug|Any CPU.Build.0 = Debug|Any CPU
		{DA402325-CBD0-4E97-A5C6-F1467027DE7C}.Release|Any CPU.ActiveCfg = Release|Any CPU
		{DA402325-CBD0-4E97-A5C6-F1467027DE7C}.Release|Any CPU.Build.0 = Release|Any CPU
	EndGlobalSection
	GlobalSection(SolutionProperties) = preSolution
		HideSolutionNode = FALSE
	EndGlobalSection
	GlobalSection(ExtensibilityGlobals) = postSolution
		SolutionGuid = {547D1124-7F63-4808-A29D-8F9471A78ED8}
	EndGlobalSection
EndGlobal
